{
  "name": "todo-stardust",
  "version": "1.0.0",
  "lockfileVersion": 3,
  "requires": true,
  "packages": {
    "": {
      "name": "todo-stardust",
      "version": "1.0.0",
      "license": "ISC",
      "dependencies": {
        "@starfederation/datastar-sdk": "^1.0.0"
      }
    },
    "node_modules/@starfederation/datastar-sdk": {
      "version": "1.0.0",
      "resolved": "https://registry.npmjs.org/@starfederation/datastar-sdk/-/datastar-sdk-1.0.0.tgz",
      "integrity": "sha512-VT1co9LeRLJ3wynffvkxXLJaCh4PHt1YUhH3zCQYhjTuaeWjozNjQQrg+BUbkDMO58mSgeQp9pgOXRWciy0y6g==",
      "license": "MIT"
    }
  }
}
